// !$*UTF8*$!
{
	archiveVersion = 1;
	classes = {
	};
	objectVersion = 56;
	objects = {

/* Begin PBXBuildFile section */
		EFCB8E3D2B83368E002035D7 /* WaterTracker_JoudApp.swift in Sources */ = {isa = PBXBuildFile; fileRef = EFCB8E3C2B83368E002035D7 /* WaterTracker_JoudApp.swift */; };
		EFCB8E3F2B83368E002035D7 /* ContentView.swift in Sources */ = {isa = PBXBuildFile; fileRef = EFCB8E3E2B83368E002035D7 /* ContentView.swift */; };
		EFCB8E412B833690002035D7 /* Assets.xcassets in Resources */ = {isa = PBXBuildFile; fileRef = EFCB8E402B833690002035D7 /* Assets.xcassets */; };
		EFCB8E442B833690002035D7 /* Preview Assets.xcassets in Resources */ = {isa = PBXBuildFile; fileRef = EFCB8E432B833690002035D7 /* Preview Assets.xcassets */; };
		EFCB8E4E2B833690002035D7 /* WaterTracker_JoudTests.swift in Sources */ = {isa = PBXBuildFile; fileRef = EFCB8E4D2B833690002035D7 /* WaterTracker_JoudTests.swift */; };
		EFCB8E582B833690002035D7 /* WaterTracker_JoudUITests.swift in Sources */ = {isa = PBXBuildFile; fileRef = EFCB8E572B833690002035D7 /* WaterTracker_JoudUITests.swift */; };
		EFCB8E5A2B833690002035D7 /* WaterTracker_JoudUITestsLaunchTests.swift in Sources */ = {isa = PBXBuildFile; fileRef = EFCB8E592B833690002035D7 /* WaterTracker_JoudUITestsLaunchTests.swift */; };
/* End PBXBuildFile section */

/* Begin PBXContainerItemProxy section */
		EFCB8E4A2B833690002035D7 /* PBXContainerItemProxy */ = {
			isa = PBXContainerItemProxy;
			containerPortal = EFCB8E312B83368E002035D7 /* Project object */;
			proxyType = 1;
			remoteGlobalIDString = EFCB8E382B83368E002035D7;
			remoteInfo = WaterTracker_Joud;
		};
		EFCB8E542B833690002035D7 /* PBXContainerItemProxy */ = {
			isa = PBXContainerItemProxy;
			containerPortal = EFCB8E312B83368E002035D7 /* Project object */;
			proxyType = 1;
			remoteGlobalIDString = EFCB8E382B83368E002035D7;
			remoteInfo = WaterTracker_Joud;
		};
/* End PBXContainerItemProxy section */

/* Begin PBXFileReference section */
		EFCB8E392B83368E002035D7 /* WaterTracker_Joud.app */ = {isa = PBXFileReference; explicitFileType = wrapper.application; includeInIndex = 0; path = WaterTracker_Joud.app; sourceTree = BUILT_PRODUCTS_DIR; };
		EFCB8E3C2B83368E002035D7 /* WaterTracker_JoudApp.swift */ = {isa = PBXFileReference; lastKnownFileType = sourcecode.swift; path = WaterTracker_JoudApp.swift; sourceTree = "<group>"; };
		EFCB8E3E2B83368E002035D7 /* ContentView.swift */ = {isa = PBXFileReference; lastKnownFileType = sourcecode.swift; path = ContentView.swift; sourceTree = "<group>"; };
		EFCB8E402B833690002035D7 /* Assets.xcassets */ = {isa = PBXFileReference; lastKnownFileType = folder.assetcatalog; path = Assets.xcassets; sourceTree = "<group>"; };
		EFCB8E432B833690002035D7 /* Preview Assets.xcassets */ = {isa = PBXFileReference; lastKnownFileType = folder.assetcatalog; path = "Preview Assets.xcassets"; sourceTree = "<group>"; };
		EFCB8E492B833690002035D7 /* WaterTracker_JoudTests.xctest */ = {isa = PBXFileReference; explicitFileType = wrapper.cfbundle; includeInIndex = 0; path = WaterTracker_JoudTests.xctest; sourceTree = BUILT_PRODUCTS_DIR; };
		EFCB8E4D2B833690002035D7 /* WaterTracker_JoudTests.swift */ = {isa = PBXFileReference; lastKnownFileType = sourcecode.swift; path = WaterTracker_JoudTests.swift; sourceTree = "<group>"; };
		EFCB8E532B833690002035D7 /* WaterTracker_JoudUITests.xctest */ = {isa = PBXFileReference; explicitFileType = wrapper.cfbundle; includeInIndex = 0; path = WaterTracker_JoudUITests.xctest; sourceTree = BUILT_PRODUCTS_DIR; };
		EFCB8E572B833690002035D7 /* WaterTracker_JoudUITests.swift */ = {isa = PBXFileReference; lastKnownFileType = sourcecode.swift; path = WaterTracker_JoudUITests.swift; sourceTree = "<group>"; };
		EFCB8E592B833690002035D7 /* WaterTracker_JoudUITestsLaunchTests.swift */ = {isa = PBXFileReference; lastKnownFileType = sourcecode.swift; path = WaterTracker_JoudUITestsLaunchTests.swift; sourceTree = "<group>"; };
/* End PBXFileReference section */

/* Begin PBXFrameworksBuildPhase section */
		EFCB8E362B83368E002035D7 /* Frameworks */ = {
			isa = PBXFrameworksBuildPhase;
			buildActionMask = 2147483647;
			files = (
			);
			runOnlyForDeploymentPostprocessing = 0;
		};
		EFCB8E462B833690002035D7 /* Frameworks */ = {
			isa = PBXFrameworksBuildPhase;
			buildActionMask = 2147483647;
			files = (
			);
			runOnlyForDeploymentPostprocessing = 0;
		};
		EFCB8E502B833690002035D7 /* Frameworks */ = {
			isa = PBXFrameworksBuildPhase;
			buildActionMask = 2147483647;
			files = (
			);
			runOnlyForDeploymentPostprocessing = 0;
		};
/* End PBXFrameworksBuildPhase section */

/* Begin PBXGroup section */
		EFCB8E302B83368E002035D7 = {
			isa = PBXGroup;
			children = (
				EFCB8E3B2B83368E002035D7 /* WaterTracker_Joud */,
				EFCB8E4C2B833690002035D7 /* WaterTracker_JoudTests */,
				EFCB8E562B833690002035D7 /* WaterTracker_JoudUITests */,
				EFCB8E3A2B83368E002035D7 /* Products */,
			);
			sourceTree = "<group>";
		};
		EFCB8E3A2B83368E002035D7 /* Products */ = {
			isa = PBXGroup;
			children = (
				EFCB8E392B83368E002035D7 /* WaterTracker_Joud.app */,
				EFCB8E492B833690002035D7 /* WaterTracker_JoudTests.xctest */,
				EFCB8E532B833690002035D7 /* WaterTracker_JoudUITests.xctest */,
			);
			name = Products;
			sourceTree = "<group>";
		};
		EFCB8E3B2B83368E002035D7 /* WaterTracker_Joud */ = {
			isa = PBXGroup;
			children = (
				EFCB8E3C2B83368E002035D7 /* WaterTracker_JoudApp.swift */,
				EFCB8E3E2B83368E002035D7 /* ContentView.swift */,
				EFCB8E402B833690002035D7 /* Assets.xcassets */,
				EFCB8E422B833690002035D7 /* Preview Content */,
			);
			path = WaterTracker_Joud;
			sourceTree = "<group>";
		};
		EFCB8E422B833690002035D7 /* Preview Content */ = {
			isa = PBXGroup;
			children = (
				EFCB8E432B833690002035D7 /* Preview Assets.xcassets */,
			);
			path = "Preview Content";
			sourceTree = "<group>";
		};
		EFCB8E4C2B833690002035D7 /* WaterTracker_JoudTests */ = {
			isa = PBXGroup;
			children = (
				EFCB8E4D2B833690002035D7 /* WaterTracker_JoudTests.swift */,
			);
			path = WaterTracker_JoudTests;
			sourceTree = "<group>";
		};
		EFCB8E562B833690002035D7 /* WaterTracker_JoudUITests */ = {
			isa = PBXGroup;
			children = (
				EFCB8E572B833690002035D7 /* WaterTracker_JoudUITests.swift */,
				EFCB8E592B833690002035D7 /* WaterTracker_JoudUITestsLaunchTests.swift */,
			);
			path = WaterTracker_JoudUITests;
			sourceTree = "<group>";
		};
/* End PBXGroup section */

/* Begin PBXNativeTarget section */
		EFCB8E382B83368E002035D7 /* WaterTracker_Joud */ = {
			isa = PBXNativeTarget;
			buildConfigurationList = EFCB8E5D2B833690002035D7 /* Build configuration list for PBXNativeTarget "WaterTracker_Joud" */;
			buildPhases = (
				EFCB8E352B83368E002035D7 /* Sources */,
				EFCB8E362B83368E002035D7 /* Frameworks */,
				EFCB8E372B83368E002035D7 /* Resources */,
			);
			buildRules = (
			);
			dependencies = (
			);
			name = WaterTracker_Joud;
			productName = WaterTracker_Joud;
			productReference = EFCB8E392B83368E002035D7 /* WaterTracker_Joud.app */;
			productType = "com.apple.product-type.application";
		};
		EFCB8E482B833690002035D7 /* WaterTracker_JoudTests */ = {
			isa = PBXNativeTarget;
			buildConfigurationList = EFCB8E602B833690002035D7 /* Build configuration list for PBXNativeTarget "WaterTracker_JoudTests" */;
			buildPhases = (
				EFCB8E452B833690002035D7 /* Sources */,
				EFCB8E462B833690002035D7 /* Frameworks */,
				EFCB8E472B833690002035D7 /* Resources */,
			);
			buildRules = (
			);
			dependencies = (
				EFCB8E4B2B833690002035D7 /* PBXTargetDependency */,
			);
			name = WaterTracker_JoudTests;
			productName = WaterTracker_JoudTests;
			productReference = EFCB8E492B833690002035D7 /* WaterTracker_JoudTests.xctest */;
			productType = "com.apple.product-type.bundle.unit-test";
		};
		EFCB8E522B833690002035D7 /* WaterTracker_JoudUITests */ = {
			isa = PBXNativeTarget;
			buildConfigurationList = EFCB8E632B833690002035D7 /* Build configuration list for PBXNativeTarget "WaterTracker_JoudUITests" */;
			buildPhases = (
				EFCB8E4F2B833690002035D7 /* Sources */,
				EFCB8E502B833690002035D7 /* Frameworks */,
				EFCB8E512B833690002035D7 /* Resources */,
			);
			buildRules = (
			);
			dependencies = (
				EFCB8E552B833690002035D7 /* PBXTargetDependency */,
			);
			name = WaterTracker_JoudUITests;
			productName = WaterTracker_JoudUITests;
			productReference = EFCB8E532B833690002035D7 /* WaterTracker_JoudUITests.xctest */;
			productType = "com.apple.product-type.bundle.ui-testing";
		};
/* End PBXNativeTarget section */

/* Begin PBXProject section */
		EFCB8E312B83368E002035D7 /* Project object */ = {
			isa = PBXProject;
			attributes = {
				BuildIndependentTargetsInParallel = 1;
				LastSwiftUpdateCheck = 1520;
				LastUpgradeCheck = 1520;
				TargetAttributes = {
					EFCB8E382B83368E002035D7 = {
						CreatedOnToolsVersion = 15.2;
					};
					EFCB8E482B833690002035D7 = {
						CreatedOnToolsVersion = 15.2;
						TestTargetID = EFCB8E382B83368E002035D7;
					};
					EFCB8E522B833690002035D7 = {
						CreatedOnToolsVersion = 15.2;
						TestTargetID = EFCB8E382B83368E002035D7;
					};
				};
			};
			buildConfigurationList = EFCB8E342B83368E002035D7 /* Build configuration list for PBXProject "WaterTracker_Joud" */;
			compatibilityVersion = "Xcode 14.0";
			developmentRegion = en;
			hasScannedForEncodings = 0;
			knownRegions = (
				en,
				Base,
			);
			mainGroup = EFCB8E302B83368E002035D7;
			productRefGroup = EFCB8E3A2B83368E002035D7 /* Products */;
			projectDirPath = "";
			projectRoot = "";
			targets = (
				EFCB8E382B83368E002035D7 /* WaterTracker_Joud */,
				EFCB8E482B833690002035D7 /* WaterTracker_JoudTests */,
				EFCB8E522B833690002035D7 /* WaterTracker_JoudUITests */,
			);
		};
/* End PBXProject section */

/* Begin PBXResourcesBuildPhase section */
		EFCB8E372B83368E002035D7 /* Resources */ = {
			isa = PBXResourcesBuildPhase;
			buildActionMask = 2147483647;
			files = (
				EFCB8E442B833690002035D7 /* Preview Assets.xcassets in Resources */,
				EFCB8E412B833690002035D7 /* Assets.xcassets in Resources */,
			);
			runOnlyForDeploymentPostprocessing = 0;
		};
		EFCB8E472B833690002035D7 /* Resources */ = {
			isa = PBXResourcesBuildPhase;
			buildActionMask = 2147483647;
			files = (
			);
			runOnlyForDeploymentPostprocessing = 0;
		};
		EFCB8E512B833690002035D7 /* Resources */ = {
			isa = PBXResourcesBuildPhase;
			buildActionMask = 2147483647;
			files = (
			);
			runOnlyForDeploymentPostprocessing = 0;
		};
/* End PBXResourcesBuildPhase section */

/* Begin PBXSourcesBuildPhase section */
		EFCB8E352B83368E002035D7 /* Sources */ = {
			isa = PBXSourcesBuildPhase;
			buildActionMask = 2147483647;
			files = (
				EFCB8E3F2B83368E002035D7 /* ContentView.swift in Sources */,
				EFCB8E3D2B83368E002035D7 /* WaterTracker_JoudApp.swift in Sources */,
			);
			runOnlyForDeploymentPostprocessing = 0;
		};
		EFCB8E452B833690002035D7 /* Sources */ = {
			isa = PBXSourcesBuildPhase;
			buildActionMask = 2147483647;
			files = (
				EFCB8E4E2B833690002035D7 /* WaterTracker_JoudTests.swift in Sources */,
			);
			runOnlyForDeploymentPostprocessing = 0;
		};
		EFCB8E4F2B833690002035D7 /* Sources */ = {
			isa = PBXSourcesBuildPhase;
			buildActionMask = 2147483647;
			files = (
				EFCB8E582B833690002035D7 /* WaterTracker_JoudUITests.swift in Sources */,
				EFCB8E5A2B833690002035D7 /* WaterTracker_JoudUITestsLaunchTests.swift in Sources */,
			);
			runOnlyForDeploymentPostprocessing = 0;
		};
/* End PBXSourcesBuildPhase section */

/* Begin PBXTargetDependency section */
		EFCB8E4B2B833690002035D7 /* PBXTargetDependency */ = {
			isa = PBXTargetDependency;
			target = EFCB8E382B83368E002035D7 /* WaterTracker_Joud */;
			targetProxy = EFCB8E4A2B833690002035D7 /* PBXContainerItemProxy */;
		};
		EFCB8E552B833690002035D7 /* PBXTargetDependency */ = {
			isa = PBXTargetDependency;
			target = EFCB8E382B83368E002035D7 /* WaterTracker_Joud */;
			targetProxy = EFCB8E542B833690002035D7 /* PBXContainerItemProxy */;
		};
/* End PBXTargetDependency section */

/* Begin XCBuildConfiguration section */
		EFCB8E5B2B833690002035D7 /* Debug */ = {
			isa = XCBuildConfiguration;
			buildSettings = {
				ALWAYS_SEARCH_USER_PATHS = NO;
				ASSETCATALOG_COMPILER_GENERATE_SWIFT_ASSET_SYMBOL_EXTENSIONS = YES;
				CLANG_ANALYZER_NONNULL = YES;
				CLANG_ANALYZER_NUMBER_OBJECT_CONVERSION = YES_AGGRESSIVE;
				CLANG_CXX_LANGUAGE_STANDARD = "gnu++20";
				CLANG_ENABLE_MODULES = YES;
				CLANG_ENABLE_OBJC_ARC = YES;
				CLANG_ENABLE_OBJC_WEAK = YES;
				CLANG_WARN_BLOCK_CAPTURE_AUTORELEASING = YES;
				CLANG_WARN_BOOL_CONVERSION = YES;
				CLANG_WARN_COMMA = YES;
				CLANG_WARN_CONSTANT_CONVERSION = YES;
				CLANG_WARN_DEPRECATED_OBJC_IMPLEMENTATIONS = YES;
				CLANG_WARN_DIRECT_OBJC_ISA_USAGE = YES_ERROR;
				CLANG_WARN_DOCUMENTATION_COMMENTS = YES;
				CLANG_WARN_EMPTY_BODY = YES;
				CLANG_WARN_ENUM_CONVERSION = YES;
				CLANG_WARN_INFINITE_RECURSION = YES;
				CLANG_WARN_INT_CONVERSION = YES;
				CLANG_WARN_NON_LITERAL_NULL_CONVERSION = YES;
				CLANG_WARN_OBJC_IMPLICIT_RETAIN_SELF = YES;
				CLANG_WARN_OBJC_LITERAL_CONVERSION = YES;
				CLANG_WARN_OBJC_ROOT_CLASS = YES_ERROR;
				CLANG_WARN_QUOTED_INCLUDE_IN_FRAMEWORK_HEADER = YES;
				CLANG_WARN_RANGE_LOOP_ANALYSIS = YES;
				CLANG_WARN_STRICT_PROTOTYPES = YES;
				CLANG_WARN_SUSPICIOUS_MOVE = YES;
				CLANG_WARN_UNGUARDED_AVAILABILITY = YES_AGGRESSIVE;
				CLANG_WARN_UNREACHABLE_CODE = YES;
				CLANG_WARN__DUPLICATE_METHOD_MATCH = YES;
				COPY_PHASE_STRIP = NO;
				DEBUG_INFORMATION_FORMAT = dwarf;
				ENABLE_STRICT_OBJC_MSGSEND = YES;
				ENABLE_TESTABILITY = YES;
				ENABLE_USER_SCRIPT_SANDBOXING = YES;
				GCC_C_LANGUAGE_STANDARD = gnu17;
				GCC_DYNAMIC_NO_PIC = NO;
				GCC_NO_COMMON_BLOCKS = YES;
				GCC_OPTIMIZATION_LEVEL = 0;
				GCC_PREPROCESSOR_DEFINITIONS = (
					"DEBUG=1",
					"$(inherited)",
				);
				GCC_WARN_64_TO_32_BIT_CONVERSION = YES;
				GCC_WARN_ABOUT_RETURN_TYPE = YES_ERROR;
				GCC_WARN_UNDECLARED_SELECTOR = YES;
				GCC_WARN_UNINITIALIZED_AUTOS = YES_AGGRESSIVE;
				GCC_WARN_UNUSED_FUNCTION = YES;
				GCC_WARN_UNUSED_VARIABLE = YES;
				IPHONEOS_DEPLOYMENT_TARGET = 17.2;
				LOCALIZATION_PREFERS_STRING_CATALOGS = YES;
				MTL_ENABLE_DEBUG_INFO = INCLUDE_SOURCE;
				MTL_FAST_MATH = YES;
				ONLY_ACTIVE_ARCH = YES;
				SDKROOT = iphoneos;
				SWIFT_ACTIVE_COMPILATION_CONDITIONS = "DEBUG $(inherited)";
				SWIFT_OPTIMIZATION_LEVEL = "-Onone";
			};
			name = Debug;
		};
		EFCB8E5C2B833690002035D7 /* Release */ = {
			isa = XCBuildConfiguration;
			buildSettings = {
				ALWAYS_SEARCH_USER_PATHS = NO;
				ASSETCATALOG_COMPILER_GENERATE_SWIFT_ASSET_SYMBOL_EXTENSIONS = YES;
				CLANG_ANALYZER_NONNULL = YES;
				CLANG_ANALYZER_NUMBER_OBJECT_CONVERSION = YES_AGGRESSIVE;
				CLANG_CXX_LANGUAGE_STANDARD = "gnu++20";
				CLANG_ENABLE_MODULES = YES;
				CLANG_ENABLE_OBJC_ARC = YES;
				CLANG_ENABLE_OBJC_WEAK = YES;
				CLANG_WARN_BLOCK_CAPTURE_AUTORELEASING = YES;
				CLANG_WARN_BOOL_CONVERSION = YES;
				CLANG_WARN_COMMA = YES;
				CLANG_WARN_CONSTANT_CONVERSION = YES;
				CLANG_WARN_DEPRECATED_OBJC_IMPLEMENTATIONS = YES;
				CLANG_WARN_DIRECT_OBJC_ISA_USAGE = YES_ERROR;
				CLANG_WARN_DOCUMENTATION_COMMENTS = YES;
				CLANG_WARN_EMPTY_BODY = YES;
				CLANG_WARN_ENUM_CONVERSION = YES;
				CLANG_WARN_INFINITE_RECURSION = YES;
				CLANG_WARN_INT_CONVERSION = YES;
				CLANG_WARN_NON_LITERAL_NULL_CONVERSION = YES;
				CLANG_WARN_OBJC_IMPLICIT_RETAIN_SELF = YES;
				CLANG_WARN_OBJC_LITERAL_CONVERSION = YES;
				CLANG_WARN_OBJC_ROOT_CLASS = YES_ERROR;
				CLANG_WARN_QUOTED_INCLUDE_IN_FRAMEWORK_HEADER = YES;
				CLANG_WARN_RANGE_LOOP_ANALYSIS = YES;
				CLANG_WARN_STRICT_PROTOTYPES = YES;
				CLANG_WARN_SUSPICIOUS_MOVE = YES;
				CLANG_WARN_UNGUARDED_AVAILABILITY = YES_AGGRESSIVE;
				CLANG_WARN_UNREACHABLE_CODE = YES;
				CLANG_WARN__DUPLICATE_METHOD_MATCH = YES;
				COPY_PHASE_STRIP = NO;
				DEBUG_INFORMATION_FORMAT = "dwarf-with-dsym";
				ENABLE_NS_ASSERTIONS = NO;
				ENABLE_STRICT_OBJC_MSGSEND = YES;
				ENABLE_USER_SCRIPT_SANDBOXING = YES;
				GCC_C_LANGUAGE_STANDARD = gnu17;
				GCC_NO_COMMON_BLOCKS = YES;
				GCC_WARN_64_TO_32_BIT_CONVERSION = YES;
				GCC_WARN_ABOUT_RETURN_TYPE = YES_ERROR;
				GCC_WARN_UNDECLARED_SELECTOR = YES;
				GCC_WARN_UNINITIALIZED_AUTOS = YES_AGGRESSIVE;
				GCC_WARN_UNUSED_FUNCTION = YES;
				GCC_WARN_UNUSED_VARIABLE = YES;
				IPHONEOS_DEPLOYMENT_TARGET = 17.2;
				LOCALIZATION_PREFERS_STRING_CATALOGS = YES;
				MTL_ENABLE_DEBUG_INFO = NO;
				MTL_FAST_MATH = YES;
				SDKROOT = iphoneos;
				SWIFT_COMPILATION_MODE = wholemodule;
				VALIDATE_PRODUCT = YES;
			};
			name = Release;
		};
		EFCB8E5E2B833690002035D7 /* Debug */ = {
			isa = XCBuildConfiguration;
			buildSettings = {
				ASSETCATALOG_COMPILER_APPICON_NAME = AppIcon;
				ASSETCATALOG_COMPILER_GLOBAL_ACCENT_COLOR_NAME = AccentColor;
				CODE_SIGN_STYLE = Automatic;
				CURRENT_PROJECT_VERSION = 1;
				DEVELOPMENT_ASSET_PATHS = "\"WaterTracker_Joud/Preview Content\"";
				DEVELOPMENT_TEAM = 34VADMZBK6;
				ENABLE_PREVIEWS = YES;
				GENERATE_INFOPLIST_FILE = YES;
				INFOPLIST_KEY_UIApplicationSceneManifest_Generation = YES;
				INFOPLIST_KEY_UIApplicationSupportsIndirectInputEvents = YES;
				INFOPLIST_KEY_UILaunchScreen_Generation = YES;
				INFOPLIST_KEY_UISupportedInterfaceOrientations_iPad = "UIInterfaceOrientationPortrait UIInterfaceOrientationPortraitUpsideDown UIInterfaceOrientationLandscapeLeft UIInterfaceOrientationLandscapeRight";
				INFOPLIST_KEY_UISupportedInterfaceOrientations_iPhone = "UIInterfaceOrientationPortrait UIInterfaceOrientationLandscapeLeft UIInterfaceOrientationLandscapeRight";
				LD_RUNPATH_SEARCH_PATHS = (
					"$(inherited)",
					"@executable_path/Frameworks",
				);
				MARKETING_VERSION = 1.0;
				PRODUCT_BUNDLE_IDENTIFIER = "com.joud.WaterTracker-Joud";
				PRODUCT_NAME = "$(TARGET_NAME)";
				SWIFT_EMIT_LOC_STRINGS = YES;
				SWIFT_VERSION = 5.0;
				TARGETED_DEVICE_FAMILY = "1,2";
			};
			name = Debug;
		};
		EFCB8E5F2B833690002035D7 /* Release */ = {
			isa = XCBuildConfiguration;
			buildSettings = {
				ASSETCATALOG_COMPILER_APPICON_NAME = AppIcon;
				ASSETCATALOG_COMPILER_GLOBAL_ACCENT_COLOR_NAME = AccentColor;
				CODE_SIGN_STYLE = Automatic;
				CURRENT_PROJECT_VERSION = 1;
				DEVELOPMENT_ASSET_PATHS = "\"WaterTracker_Joud/Preview Content\"";
				DEVELOPMENT_TEAM = 34VADMZBK6;
				ENABLE_PREVIEWS = YES;
				GENERATE_INFOPLIST_FILE = YES;
				INFOPLIST_KEY_UIApplicationSceneManifest_Generation = YES;
				INFOPLIST_KEY_UIApplicationSupportsIndirectInputEvents = YES;
				INFOPLIST_KEY_UILaunchScreen_Generation = YES;
				INFOPLIST_KEY_UISupportedInterfaceOrientations_iPad = "UIInterfaceOrientationPortrait UIInterfaceOrientationPortraitUpsideDown UIInterfaceOrientationLandscapeLeft UIInterfaceOrientationLandscapeRight";
				INFOPLIST_KEY_UISupportedInterfaceOrientations_iPhone = "UIInterfaceOrientationPortrait UIInterfaceOrientationLandscapeLeft UIInterfaceOrientationLandscapeRight";
				LD_RUNPATH_SEARCH_PATHS = (
					"$(inherited)",
					"@executable_path/Frameworks",
				);
				MARKETING_VERSION = 1.0;
				PRODUCT_BUNDLE_IDENTIFIER = "com.joud.WaterTracker-Joud";
				PRODUCT_NAME = "$(TARGET_NAME)";
				SWIFT_EMIT_LOC_STRINGS = YES;
				SWIFT_VERSION = 5.0;
				TARGETED_DEVICE_FAMILY = "1,2";
			};
			name = Release;
		};
		EFCB8E612B833690002035D7 /* Debug */ = {
			isa = XCBuildConfiguration;
			buildSettings = {
				ALWAYS_EMBED_SWIFT_STANDARD_LIBRARIES = YES;
				BUNDLE_LOADER = "$(TEST_HOST)";
				CODE_SIGN_STYLE = Automatic;
				CURRENT_PROJECT_VERSION = 1;
				DEVELOPMENT_TEAM = 34VADMZBK6;
				GENERATE_INFOPLIST_FILE = YES;
				IPHONEOS_DEPLOYMENT_TARGET = 17.2;
				MARKETING_VERSION = 1.0;
				PRODUCT_BUNDLE_IDENTIFIER = "com.joud.WaterTracker-JoudTests";
				PRODUCT_NAME = "$(TARGET_NAME)";
				SWIFT_EMIT_LOC_STRINGS = NO;
				SWIFT_VERSION = 5.0;
				TARGETED_DEVICE_FAMILY = "1,2";
				TEST_HOST = "$(BUILT_PRODUCTS_DIR)/WaterTracker_Joud.app/$(BUNDLE_EXECUTABLE_FOLDER_PATH)/WaterTracker_Joud";
			};
			name = Debug;
		};
		EFCB8E622B833690002035D7 /* Release */ = {
			isa = XCBuildConfiguration;
			buildSettings = {
				ALWAYS_EMBED_SWIFT_STANDARD_LIBRARIES = YES;
				BUNDLE_LOADER = "$(TEST_HOST)";
				CODE_SIGN_STYLE = Automatic;
				CURRENT_PROJECT_VERSION = 1;
				DEVELOPMENT_TEAM = 34VADMZBK6;
				GENERATE_INFOPLIST_FILE = YES;
				IPHONEOS_DEPLOYMENT_TARGET = 17.2;
				MARKETING_VERSION = 1.0;
				PRODUCT_BUNDLE_IDENTIFIER = "com.joud.WaterTracker-JoudTests";
				PRODUCT_NAME = "$(TARGET_NAME)";
				SWIFT_EMIT_LOC_STRINGS = NO;
				SWIFT_VERSION = 5.0;
				TARGETED_DEVICE_FAMILY = "1,2";
				TEST_HOST = "$(BUILT_PRODUCTS_DIR)/WaterTracker_Joud.app/$(BUNDLE_EXECUTABLE_FOLDER_PATH)/WaterTracker_Joud";
			};
			name = Release;
		};
		EFCB8E642B833690002035D7 /* Debug */ = {
			isa = XCBuildConfiguration;
			buildSettings = {
				ALWAYS_EMBED_SWIFT_STANDARD_LIBRARIES = YES;
				CODE_SIGN_STYLE = Automatic;
				CURRENT_PROJECT_VERSION = 1;
				DEVELOPMENT_TEAM = 34VADMZBK6;
				GENERATE_INFOPLIST_FILE = YES;
				MARKETING_VERSION = 1.0;
				PRODUCT_BUNDLE_IDENTIFIER = "com.joud.WaterTracker-JoudUITests";
				PRODUCT_NAME = "$(TARGET_NAME)";
				SWIFT_EMIT_LOC_STRINGS = NO;
				SWIFT_VERSION = 5.0;
				TARGETED_DEVICE_FAMILY = "1,2";
				TEST_TARGET_NAME = WaterTracker_Joud;
			};
			name = Debug;
		};
		EFCB8E652B833690002035D7 /* Release */ = {
			isa = XCBuildConfiguration;
			buildSettings = {
				ALWAYS_EMBED_SWIFT_STANDARD_LIBRARIES = YES;
				CODE_SIGN_STYLE = Automatic;
				CURRENT_PROJECT_VERSION = 1;
				DEVELOPMENT_TEAM = 34VADMZBK6;
				GENERATE_INFOPLIST_FILE = YES;
				MARKETING_VERSION = 1.0;
				PRODUCT_BUNDLE_IDENTIFIER = "com.joud.WaterTracker-JoudUITests";
				PRODUCT_NAME = "$(TARGET_NAME)";
				SWIFT_EMIT_LOC_STRINGS = NO;
				SWIFT_VERSION = 5.0;
				TARGETED_DEVICE_FAMILY = "1,2";
				TEST_TARGET_NAME = WaterTracker_Joud;
			};
			name = Release;
		};
/* End XCBuildConfiguration section */

/* Begin XCConfigurationList section */
		EFCB8E342B83368E002035D7 /* Build configuration list for PBXProject "WaterTracker_Joud" */ = {
			isa = XCConfigurationList;
			buildConfigurations = (
				EFCB8E5B2B833690002035D7 /* Debug */,
				EFCB8E5C2B833690002035D7 /* Release */,
			);
			defaultConfigurationIsVisible = 0;
			defaultConfigurationName = Release;
		};
		EFCB8E5D2B833690002035D7 /* Build configuration list for PBXNativeTarget "WaterTracker_Joud" */ = {
			isa = XCConfigurationList;
			buildConfigurations = (
				EFCB8E5E2B833690002035D7 /* Debug */,
				EFCB8E5F2B833690002035D7 /* Release */,
			);
			defaultConfigurationIsVisible = 0;
			defaultConfigurationName = Release;
		};
		EFCB8E602B833690002035D7 /* Build configuration list for PBXNativeTarget "WaterTracker_JoudTests" */ = {
			isa = XCConfigurationList;
			buildConfigurations = (
				EFCB8E612B833690002035D7 /* Debug */,
				EFCB8E622B833690002035D7 /* Release */,
			);
			defaultConfigurationIsVisible = 0;
			defaultConfigurationName = Release;
		};
		EFCB8E632B833690002035D7 /* Build configuration list for PBXNativeTarget "WaterTracker_JoudUITests" */ = {
			isa = XCConfigurationList;
			buildConfigurations = (
				EFCB8E642B833690002035D7 /* Debug */,
				EFCB8E652B833690002035D7 /* Release */,
			);
			defaultConfigurationIsVisible = 0;
			defaultConfigurationName = Release;
		};
/* End XCConfigurationList section */
	};
	rootObject = EFCB8E312B83368E002035D7 /* Project object */;
}
